// !$*UTF8*$!
{
	archiveVersion = 1;
	classes = {
	};
	objectVersion = 50;
	objects = {

/* Begin PBXBuildFile section */
		CEA8AFE32590F5C200DE042C /* BuyCoordinator.swift in Sources */ = {isa = PBXBuildFile; fileRef = CEA8AFE22590F5C200DE042C /* BuyCoordinator.swift */; };
		CEA8AFEC2590F6F800DE042C /* CreateAccountCoordinator.swift in Sources */ = {isa = PBXBuildFile; fileRef = CEA8AFEB2590F6F800DE042C /* CreateAccountCoordinator.swift */; };
		CEFEF4622590E6E6004FDBF0 /* AppDelegate.swift in Sources */ = {isa = PBXBuildFile; fileRef = CEFEF4612590E6E6004FDBF0 /* AppDelegate.swift */; };
		CEFEF4642590E6E6004FDBF0 /* SceneDelegate.swift in Sources */ = {isa = PBXBuildFile; fileRef = CEFEF4632590E6E6004FDBF0 /* SceneDelegate.swift */; };
		CEFEF4662590E6E6004FDBF0 /* MainViewController.swift in Sources */ = {isa = PBXBuildFile; fileRef = CEFEF4652590E6E6004FDBF0 /* MainViewController.swift */; };
		CEFEF46B2590E6EB004FDBF0 /* Assets.xcassets in Resources */ = {isa = PBXBuildFile; fileRef = CEFEF46A2590E6EB004FDBF0 /* Assets.xcassets */; };
		CEFEF46E2590E6EB004FDBF0 /* LaunchScreen.storyboard in Resources */ = {isa = PBXBuildFile; fileRef = CEFEF46C2590E6EB004FDBF0 /* LaunchScreen.storyboard */; };
		CEFEF4772590E6F9004FDBF0 /* Coordinator.swift in Sources */ = {isa = PBXBuildFile; fileRef = CEFEF4762590E6F9004FDBF0 /* Coordinator.swift */; };
		CEFEF47B2590E74C004FDBF0 /* BuyViewController.swift in Sources */ = {isa = PBXBuildFile; fileRef = CEFEF47A2590E74C004FDBF0 /* BuyViewController.swift */; };
		CEFEF47E2590E756004FDBF0 /* CreateAccountViewController.swift in Sources */ = {isa = PBXBuildFile; fileRef = CEFEF47D2590E756004FDBF0 /* CreateAccountViewController.swift */; };
		CEFEF4812590E7CF004FDBF0 /* MainCoordinator.swift in Sources */ = {isa = PBXBuildFile; fileRef = CEFEF4802590E7CF004FDBF0 /* MainCoordinator.swift */; };
/* End PBXBuildFile section */

/* Begin PBXFileReference section */
		CEA8AFE22590F5C200DE042C /* BuyCoordinator.swift */ = {isa = PBXFileReference; lastKnownFileType = sourcecode.swift; path = BuyCoordinator.swift; sourceTree = "<group>"; };
		CEA8AFEB2590F6F800DE042C /* CreateAccountCoordinator.swift */ = {isa = PBXFileReference; lastKnownFileType = sourcecode.swift; path = CreateAccountCoordinator.swift; sourceTree = "<group>"; };
		CEFEF45E2590E6E6004FDBF0 /* Coordinators.app */ = {isa = PBXFileReference; explicitFileType = wrapper.application; includeInIndex = 0; path = Coordinators.app; sourceTree = BUILT_PRODUCTS_DIR; };
		CEFEF4612590E6E6004FDBF0 /* AppDelegate.swift */ = {isa = PBXFileReference; lastKnownFileType = sourcecode.swift; path = AppDelegate.swift; sourceTree = "<group>"; };
		CEFEF4632590E6E6004FDBF0 /* SceneDelegate.swift */ = {isa = PBXFileReference; lastKnownFileType = sourcecode.swift; path = SceneDelegate.swift; sourceTree = "<group>"; };
		CEFEF4652590E6E6004FDBF0 /* MainViewController.swift */ = {isa = PBXFileReference; lastKnownFileType = sourcecode.swift; path = MainViewController.swift; sourceTree = "<group>"; };
		CEFEF46A2590E6EB004FDBF0 /* Assets.xcassets */ = {isa = PBXFileReference; lastKnownFileType = folder.assetcatalog; path = Assets.xcassets; sourceTree = "<group>"; };
		CEFEF46D2590E6EB004FDBF0 /* Base */ = {isa = PBXFileReference; lastKnownFileType = file.storyboard; name = Base; path = Base.lproj/LaunchScreen.storyboard; sourceTree = "<group>"; };
		CEFEF46F2590E6EB004FDBF0 /* Info.plist */ = {isa = PBXFileReference; lastKnownFileType = text.plist.xml; path = Info.plist; sourceTree = "<group>"; };
		CEFEF4762590E6F9004FDBF0 /* Coordinator.swift */ = {isa = PBXFileReference; lastKnownFileType = sourcecode.swift; path = Coordinator.swift; sourceTree = "<group>"; };
		CEFEF47A2590E74C004FDBF0 /* BuyViewController.swift */ = {isa = PBXFileReference; lastKnownFileType = sourcecode.swift; path = BuyViewController.swift; sourceTree = "<group>"; };
		CEFEF47D2590E756004FDBF0 /* CreateAccountViewController.swift */ = {isa = PBXFileReference; lastKnownFileType = sourcecode.swift; path = CreateAccountViewController.swift; sourceTree = "<group>"; };
		CEFEF4802590E7CF004FDBF0 /* MainCoordinator.swift */ = {isa = PBXFileReference; lastKnownFileType = sourcecode.swift; path = MainCoordinator.swift; sourceTree = "<group>"; };
/* End PBXFileReference section */

/* Begin PBXFrameworksBuildPhase section */
		CEFEF45B2590E6E6004FDBF0 /* Frameworks */ = {
			isa = PBXFrameworksBuildPhase;
			buildActionMask = 2147483647;
			files = (
			);
			runOnlyForDeploymentPostprocessing = 0;
		};
/* End PBXFrameworksBuildPhase section */

/* Begin PBXGroup section */
		CEA8AFE52590F6AC00DE042C /* Main */ = {
			isa = PBXGroup;
			children = (
				CEFEF4652590E6E6004FDBF0 /* MainViewController.swift */,
				CEA8AFEA2590F6D100DE042C /* Coordinator */,
			);
			path = Main;
			sourceTree = "<group>";
		};
		CEA8AFE62590F6B700DE042C /* CreateAccount */ = {
			isa = PBXGroup;
			children = (
				CEFEF47D2590E756004FDBF0 /* CreateAccountViewController.swift */,
				CEA8AFE92590F6CA00DE042C /* Coordinator */,
			);
			path = CreateAccount;
			sourceTree = "<group>";
		};
		CEA8AFE72590F6BD00DE042C /* Buy */ = {
			isa = PBXGroup;
			children = (
				CEFEF47A2590E74C004FDBF0 /* BuyViewController.swift */,
				CEA8AFE82590F6C400DE042C /* Coordinator */,
			);
			path = Buy;
			sourceTree = "<group>";
		};
		CEA8AFE82590F6C400DE042C /* Coordinator */ = {
			isa = PBXGroup;
			children = (
				CEA8AFE22590F5C200DE042C /* BuyCoordinator.swift */,
			);
			path = Coordinator;
			sourceTree = "<group>";
		};
		CEA8AFE92590F6CA00DE042C /* Coordinator */ = {
			isa = PBXGroup;
			children = (
				CEA8AFEB2590F6F800DE042C /* CreateAccountCoordinator.swift */,
			);
			path = Coordinator;
			sourceTree = "<group>";
		};
		CEA8AFEA2590F6D100DE042C /* Coordinator */ = {
			isa = PBXGroup;
			children = (
				CEFEF4802590E7CF004FDBF0 /* MainCoordinator.swift */,
			);
			path = Coordinator;
			sourceTree = "<group>";
		};
		CEFEF4552590E6E6004FDBF0 = {
			isa = PBXGroup;
			children = (
				CEFEF4602590E6E6004FDBF0 /* Coordinators */,
				CEFEF45F2590E6E6004FDBF0 /* Products */,
			);
			sourceTree = "<group>";
		};
		CEFEF45F2590E6E6004FDBF0 /* Products */ = {
			isa = PBXGroup;
			children = (
				CEFEF45E2590E6E6004FDBF0 /* Coordinators.app */,
			);
			name = Products;
			sourceTree = "<group>";
		};
		CEFEF4602590E6E6004FDBF0 /* Coordinators */ = {
			isa = PBXGroup;
			children = (
				CEA8AFE72590F6BD00DE042C /* Buy */,
				CEA8AFE62590F6B700DE042C /* CreateAccount */,
				CEA8AFE52590F6AC00DE042C /* Main */,
				CEFEF4612590E6E6004FDBF0 /* AppDelegate.swift */,
				CEFEF4632590E6E6004FDBF0 /* SceneDelegate.swift */,
				CEFEF46A2590E6EB004FDBF0 /* Assets.xcassets */,
				CEFEF46C2590E6EB004FDBF0 /* LaunchScreen.storyboard */,
				CEFEF46F2590E6EB004FDBF0 /* Info.plist */,
				CEFEF4762590E6F9004FDBF0 /* Coordinator.swift */,
			);
			path = Coordinators;
			sourceTree = "<group>";
		};
/* End PBXGroup section */

/* Begin PBXNativeTarget section */
		CEFEF45D2590E6E6004FDBF0 /* Coordinators */ = {
			isa = PBXNativeTarget;
			buildConfigurationList = CEFEF4722590E6EB004FDBF0 /* Build configuration list for PBXNativeTarget "Coordinators" */;
			buildPhases = (
				CEFEF45A2590E6E6004FDBF0 /* Sources */,
				CEFEF45B2590E6E6004FDBF0 /* Frameworks */,
				CEFEF45C2590E6E6004FDBF0 /* Resources */,
			);
			buildRules = (
			);
			dependencies = (
			);
			name = Coordinators;
			productName = Coordinators;
			productReference = CEFEF45E2590E6E6004FDBF0 /* Coordinators.app */;
			productType = "com.apple.product-type.application";
		};
/* End PBXNativeTarget section */

/* Begin PBXProject section */
		CEFEF4562590E6E6004FDBF0 /* Project object */ = {
			isa = PBXProject;
			attributes = {
				LastSwiftUpdateCheck = 1200;
				LastUpgradeCheck = 1200;
				TargetAttributes = {
					CEFEF45D2590E6E6004FDBF0 = {
						CreatedOnToolsVersion = 12.0;
					};
				};
			};
			buildConfigurationList = CEFEF4592590E6E6004FDBF0 /* Build configuration list for PBXProject "Coordinators" */;
			compatibilityVersion = "Xcode 9.3";
			developmentRegion = en;
			hasScannedForEncodings = 0;
			knownRegions = (
				en,
				Base,
			);
			mainGroup = CEFEF4552590E6E6004FDBF0;
			productRefGroup = CEFEF45F2590E6E6004FDBF0 /* Products */;
			projectDirPath = "";
			projectRoot = "";
			targets = (
				CEFEF45D2590E6E6004FDBF0 /* Coordinators */,
			);
		};
/* End PBXProject section */

/* Begin PBXResourcesBuildPhase section */
		CEFEF45C2590E6E6004FDBF0 /* Resources */ = {
			isa = PBXResourcesBuildPhase;
			buildActionMask = 2147483647;
			files = (
				CEFEF46E2590E6EB004FDBF0 /* LaunchScreen.storyboard in Resources */,
				CEFEF46B2590E6EB004FDBF0 /* Assets.xcassets in Resources */,
			);
			runOnlyForDeploymentPostprocessing = 0;
		};
/* End PBXResourcesBuildPhase section */

/* Begin PBXSourcesBuildPhase section */
		CEFEF45A2590E6E6004FDBF0 /* Sources */ = {
			isa = PBXSourcesBuildPhase;
			buildActionMask = 2147483647;
			files = (
				CEFEF47E2590E756004FDBF0 /* CreateAccountViewController.swift in Sources */,
				CEFEF4812590E7CF004FDBF0 /* MainCoordinator.swift in Sources */,
				CEFEF4772590E6F9004FDBF0 /* Coordinator.swift in Sources */,
				CEA8AFE32590F5C200DE042C /* BuyCoordinator.swift in Sources */,
				CEFEF47B2590E74C004FDBF0 /* BuyViewController.swift in Sources */,
				CEA8AFEC2590F6F800DE042C /* CreateAccountCoordinator.swift in Sources */,
				CEFEF4662590E6E6004FDBF0 /* MainViewController.swift in Sources */,
				CEFEF4622590E6E6004FDBF0 /* AppDelegate.swift in Sources */,
				CEFEF4642590E6E6004FDBF0 /* SceneDelegate.swift in Sources */,
			);
			runOnlyForDeploymentPostprocessing = 0;
		};
/* End PBXSourcesBuildPhase section */

/* Begin PBXVariantGroup section */
		CEFEF46C2590E6EB004FDBF0 /* LaunchScreen.storyboard */ = {
			isa = PBXVariantGroup;
			children = (
				CEFEF46D2590E6EB004FDBF0 /* Base */,
			);
			name = LaunchScreen.storyboard;
			sourceTree = "<group>";
		};
/* End PBXVariantGroup section */

/* Begin XCBuildConfiguration section */
		CEFEF4702590E6EB004FDBF0 /* Debug */ = {
			isa = XCBuildConfiguration;
			buildSettings = {
				ALWAYS_SEARCH_USER_PATHS = NO;
				CLANG_ANALYZER_NONNULL = YES;
				CLANG_ANALYZER_NUMBER_OBJECT_CONVERSION = YES_AGGRESSIVE;
				CLANG_CXX_LANGUAGE_STANDARD = "gnu++14";
				CLANG_CXX_LIBRARY = "libc++";
				CLANG_ENABLE_MODULES = YES;
				CLANG_ENABLE_OBJC_ARC = YES;
				CLANG_ENABLE_OBJC_WEAK = YES;
				CLANG_WARN_BLOCK_CAPTURE_AUTORELEASING = YES;
				CLANG_WARN_BOOL_CONVERSION = YES;
				CLANG_WARN_COMMA = YES;
				CLANG_WARN_CONSTANT_CONVERSION = YES;
				CLANG_WARN_DEPRECATED_OBJC_IMPLEMENTATIONS = YES;
				CLANG_WARN_DIRECT_OBJC_ISA_USAGE = YES_ERROR;
				CLANG_WARN_DOCUMENTATION_COMMENTS = YES;
				CLANG_WARN_EMPTY_BODY = YES;
				CLANG_WARN_ENUM_CONVERSION = YES;
				CLANG_WARN_INFINITE_RECURSION = YES;
				CLANG_WARN_INT_CONVERSION = YES;
				CLANG_WARN_NON_LITERAL_NULL_CONVERSION = YES;
				CLANG_WARN_OBJC_IMPLICIT_RETAIN_SELF = YES;
				CLANG_WARN_OBJC_LITERAL_CONVERSION = YES;
				CLANG_WARN_OBJC_ROOT_CLASS = YES_ERROR;
				CLANG_WARN_QUOTED_INCLUDE_IN_FRAMEWORK_HEADER = YES;
				CLANG_WARN_RANGE_LOOP_ANALYSIS = YES;
				CLANG_WARN_STRICT_PROTOTYPES = YES;
				CLANG_WARN_SUSPICIOUS_MOVE = YES;
				CLANG_WARN_UNGUARDED_AVAILABILITY = YES_AGGRESSIVE;
				CLANG_WARN_UNREACHABLE_CODE = YES;
				CLANG_WARN__DUPLICATE_METHOD_MATCH = YES;
				COPY_PHASE_STRIP = NO;
				DEBUG_INFORMATION_FORMAT = dwarf;
				ENABLE_STRICT_OBJC_MSGSEND = YES;
				ENABLE_TESTABILITY = YES;
				GCC_C_LANGUAGE_STANDARD = gnu11;
				GCC_DYNAMIC_NO_PIC = NO;
				GCC_NO_COMMON_BLOCKS = YES;
				GCC_OPTIMIZATION_LEVEL = 0;
				GCC_PREPROCESSOR_DEFINITIONS = (
					"DEBUG=1",
					"$(inherited)",
				);
				GCC_WARN_64_TO_32_BIT_CONVERSION = YES;
				GCC_WARN_ABOUT_RETURN_TYPE = YES_ERROR;
				GCC_WARN_UNDECLARED_SELECTOR = YES;
				GCC_WARN_UNINITIALIZED_AUTOS = YES_AGGRESSIVE;
				GCC_WARN_UNUSED_FUNCTION = YES;
				GCC_WARN_UNUSED_VARIABLE = YES;
				IPHONEOS_DEPLOYMENT_TARGET = 14.0;
				MTL_ENABLE_DEBUG_INFO = INCLUDE_SOURCE;
				MTL_FAST_MATH = YES;
				ONLY_ACTIVE_ARCH = YES;
				SDKROOT = iphoneos;
				SWIFT_ACTIVE_COMPILATION_CONDITIONS = DEBUG;
				SWIFT_OPTIMIZATION_LEVEL = "-Onone";
			};
			name = Debug;
		};
		CEFEF4712590E6EB004FDBF0 /* Release */ = {
			isa = XCBuildConfiguration;
			buildSettings = {
				ALWAYS_SEARCH_USER_PATHS = NO;
				CLANG_ANALYZER_NONNULL = YES;
				CLANG_ANALYZER_NUMBER_OBJECT_CONVERSION = YES_AGGRESSIVE;
				CLANG_CXX_LANGUAGE_STANDARD = "gnu++14";
				CLANG_CXX_LIBRARY = "libc++";
				CLANG_ENABLE_MODULES = YES;
				CLANG_ENABLE_OBJC_ARC = YES;
				CLANG_ENABLE_OBJC_WEAK = YES;
				CLANG_WARN_BLOCK_CAPTURE_AUTORELEASING = YES;
				CLANG_WARN_BOOL_CONVERSION = YES;
				CLANG_WARN_COMMA = YES;
				CLANG_WARN_CONSTANT_CONVERSION = YES;
				CLANG_WARN_DEPRECATED_OBJC_IMPLEMENTATIONS = YES;
				CLANG_WARN_DIRECT_OBJC_ISA_USAGE = YES_ERROR;
				CLANG_WARN_DOCUMENTATION_COMMENTS = YES;
				CLANG_WARN_EMPTY_BODY = YES;
				CLANG_WARN_ENUM_CONVERSION = YES;
				CLANG_WARN_INFINITE_RECURSION = YES;
				CLANG_WARN_INT_CONVERSION = YES;
				CLANG_WARN_NON_LITERAL_NULL_CONVERSION = YES;
				CLANG_WARN_OBJC_IMPLICIT_RETAIN_SELF = YES;
				CLANG_WARN_OBJC_LITERAL_CONVERSION = YES;
				CLANG_WARN_OBJC_ROOT_CLASS = YES_ERROR;
				CLANG_WARN_QUOTED_INCLUDE_IN_FRAMEWORK_HEADER = YES;
				CLANG_WARN_RANGE_LOOP_ANALYSIS = YES;
				CLANG_WARN_STRICT_PROTOTYPES = YES;
				CLANG_WARN_SUSPICIOUS_MOVE = YES;
				CLANG_WARN_UNGUARDED_AVAILABILITY = YES_AGGRESSIVE;
				CLANG_WARN_UNREACHABLE_CODE = YES;
				CLANG_WARN__DUPLICATE_METHOD_MATCH = YES;
				COPY_PHASE_STRIP = NO;
				DEBUG_INFORMATION_FORMAT = "dwarf-with-dsym";
				ENABLE_NS_ASSERTIONS = NO;
				ENABLE_STRICT_OBJC_MSGSEND = YES;
				GCC_C_LANGUAGE_STANDARD = gnu11;
				GCC_NO_COMMON_BLOCKS = YES;
				GCC_WARN_64_TO_32_BIT_CONVERSION = YES;
				GCC_WARN_ABOUT_RETURN_TYPE = YES_ERROR;
				GCC_WARN_UNDECLARED_SELECTOR = YES;
				GCC_WARN_UNINITIALIZED_AUTOS = YES_AGGRESSIVE;
				GCC_WARN_UNUSED_FUNCTION = YES;
				GCC_WARN_UNUSED_VARIABLE = YES;
				IPHONEOS_DEPLOYMENT_TARGET = 14.0;
				MTL_ENABLE_DEBUG_INFO = NO;
				MTL_FAST_MATH = YES;
				SDKROOT = iphoneos;
				SWIFT_COMPILATION_MODE = wholemodule;
				SWIFT_OPTIMIZATION_LEVEL = "-O";
				VALIDATE_PRODUCT = YES;
			};
			name = Release;
		};
		CEFEF4732590E6EB004FDBF0 /* Debug */ = {
			isa = XCBuildConfiguration;
			buildSettings = {
				ASSETCATALOG_COMPILER_APPICON_NAME = AppIcon;
				ASSETCATALOG_COMPILER_GLOBAL_ACCENT_COLOR_NAME = AccentColor;
				CODE_SIGN_STYLE = Automatic;
				DEVELOPMENT_TEAM = QY797FB22P;
				INFOPLIST_FILE = Coordinators/Info.plist;
				LD_RUNPATH_SEARCH_PATHS = (
					"$(inherited)",
					"@executable_path/Frameworks",
				);
				PRODUCT_BUNDLE_IDENTIFIER = frisma.com.Coordinators;
				PRODUCT_NAME = "$(TARGET_NAME)";
				SWIFT_VERSION = 5.0;
				TARGETED_DEVICE_FAMILY = "1,2";
			};
			name = Debug;
		};
		CEFEF4742590E6EB004FDBF0 /* Release */ = {
			isa = XCBuildConfiguration;
			buildSettings = {
				ASSETCATALOG_COMPILER_APPICON_NAME = AppIcon;
				ASSETCATALOG_COMPILER_GLOBAL_ACCENT_COLOR_NAME = AccentColor;
				CODE_SIGN_STYLE = Automatic;
				DEVELOPMENT_TEAM = QY797FB22P;
				INFOPLIST_FILE = Coordinators/Info.plist;
				LD_RUNPATH_SEARCH_PATHS = (
					"$(inherited)",
					"@executable_path/Frameworks",
				);
				PRODUCT_BUNDLE_IDENTIFIER = frisma.com.Coordinators;
				PRODUCT_NAME = "$(TARGET_NAME)";
				SWIFT_VERSION = 5.0;
				TARGETED_DEVICE_FAMILY = "1,2";
			};
			name = Release;
		};
/* End XCBuildConfiguration section */

/* Begin XCConfigurationList section */
		CEFEF4592590E6E6004FDBF0 /* Build configuration list for PBXProject "Coordinators" */ = {
			isa = XCConfigurationList;
			buildConfigurations = (
				CEFEF4702590E6EB004FDBF0 /* Debug */,
				CEFEF4712590E6EB004FDBF0 /* Release */,
			);
			defaultConfigurationIsVisible = 0;
			defaultConfigurationName = Release;
		};
		CEFEF4722590E6EB004FDBF0 /* Build configuration list for PBXNativeTarget "Coordinators" */ = {
			isa = XCConfigurationList;
			buildConfigurations = (
				CEFEF4732590E6EB004FDBF0 /* Debug */,
				CEFEF4742590E6EB004FDBF0 /* Release */,
			);
			defaultConfigurationIsVisible = 0;
			defaultConfigurationName = Release;
		};
/* End XCConfigurationList section */
	};
	rootObject = CEFEF4562590E6E6004FDBF0 /* Project object */;
}
